
Microsoft Visual Studio Solution File, Format Version 12.00
# Visual Studio Version 17
VisualStudioVersion = 17.4.33205.214
MinimumVisualStudioVersion = 10.0.40219.1
Project("{8BC9CEB8-8B4A-11D0-8D11-00A0C91BC942}") = "что-то", "что-то\что-то.vcxproj", "{684338C7-6979-4F31-867D-7BCE57F4EB59}"
EndProject
Global
	GlobalSection(SolutionConfigurationPlatforms) = preSolution
		Debug|x64 = Debug|x64
		Debug|x86 = Debug|x86
		Release|x64 = Release|x64
		Release|x86 = Release|x86
	EndGlobalSection
	GlobalSection(ProjectConfigurationPlatforms) = postSolution
		{684338C7-6979-4F31-867D-7BCE57F4EB59}.Debug|x64.ActiveCfg = Debug|x64
		{684338C7-6979-4F31-867D-7BCE57F4EB59}.Debug|x64.Build.0 = Debug|x64
		{684338C7-6979-4F31-867D-7BCE57F4EB59}.Debug|x86.ActiveCfg = Debug|Win32
		{684338C7-6979-4F31-867D-7BCE57F4EB59}.Debug|x86.Build.0 = Debug|Win32
		{684338C7-6979-4F31-867D-7BCE57F4EB59}.Release|x64.ActiveCfg = Release|x64
		{684338C7-6979-4F31-867D-7BCE57F4EB59}.Release|x64.Build.0 = Release|x64
		{684338C7-6979-4F31-867D-7BCE57F4EB59}.Release|x86.ActiveCfg = Release|Win32
		{684338C7-6979-4F31-867D-7BCE57F4EB59}.Release|x86.Build.0 = Release|Win32
	EndGlobalSection
	GlobalSection(SolutionProperties) = preSolution
		HideSolutionNode = FALSE
	EndGlobalSection
	GlobalSection(ExtensibilityGlobals) = postSolution
		SolutionGuid = {7DA5978C-76B6-4C40-81A4-CFC2CA66B0B7}
	EndGlobalSection
EndGlobal
